
Microsoft Visual Studio Solution File, Format Version 12.00
# Visual Studio Version 16
VisualStudioVersion = 16.0.34407.143
MinimumVisualStudioVersion = 10.0.40219.1
Project("{FAE04EC0-301F-11D3-BF4B-00C04F79EFBC}") = "WebApplication1", "WebApplication1\WebApplication1.csproj", "{102EAE43-B663-458D-87BF-183FE30531F8}"
EndProject
Global
	GlobalSection(SolutionConfigurationPlatforms) = preSolution
		Debug|Any CPU = Debug|Any CPU
		Release|Any CPU = Release|Any CPU
	EndGlobalSection
	GlobalSection(ProjectConfigurationPlatforms) = postSolution
		{102EAE43-B663-458D-87BF-183FE30531F8}.Debug|Any CPU.ActiveCfg = Debug|Any CPU
		{102EAE43-B663-458D-87BF-183FE30531F8}.Debug|Any CPU.Build.0 = Debug|Any CPU
		{102EAE43-B663-458D-87BF-183FE30531F8}.Release|Any CPU.ActiveCfg = Release|Any CPU
		{102EAE43-B663-458D-87BF-183FE30531F8}.Release|Any CPU.Build.0 = Release|Any CPU
	EndGlobalSection
	GlobalSection(SolutionProperties) = preSolution
		HideSolutionNode = FALSE
	EndGlobalSection
	GlobalSection(ExtensibilityGlobals) = postSolution
		SolutionGuid = {6FB83370-5CFC-400D-934D-6BE00053AF86}
	EndGlobalSection
EndGlobal
